{
  "name": "MY_APP",
  "requires": true,
  "lockfileVersion": 1,
  "dependencies": {
    "@cypress/xvfb": {
      "version": "1.2.3",
      "resolved": "https://registry.npmjs.org/@cypress/xvfb/-/xvfb-1.2.3.tgz",
      "integrity": "sha512-yYrK+/bgL3hwoRHMZG4r5fyLniCy1pXex5fimtewAY6vE/jsVs8Q37UsEO03tFlcmiLnQ3rBNMaZBYTi/+C1cw==",
      "requires": {
        "debug": "3.1.0",
        "lodash.once": "4.1.1"
      }
    },
    "debug": {
      "version": "3.1.0",
      "resolved": "https://registry.npmjs.org/debug/-/debug-3.1.0.tgz",
      "integrity": "sha512-OX8XqP7/1a9cqkxYw2yXss15f26NKWBpDXQd0/uK/KPqdQhxbPa994hnzjcE2VqQpDslf55723cKPUOGSmMY3g==",
      "requires": {
        "ms": "2.0.0"
      }
    },
    "lodash.once": {
      "version": "4.1.1",
      "resolved": "https://registry.npmjs.org/lodash.once/-/lodash.once-4.1.1.tgz",
      "integrity": "sha1-DdOXEhPHxW34gJd9UEyI+0cal6w="
    },
    "ms": {
      "version": "2.0.0",
      "resolved": "https://registry.npmjs.org/ms/-/ms-2.0.0.tgz",
      "integrity": "sha1-VgiurfwAvmwpAd9fmGF4jeDVl8g="
    },
    "nan": {
      "version": "2.10.0",
      "resolved": "https://registry.npmjs.org/nan/-/nan-2.10.0.tgz",
      "integrity": "sha512-bAdJv7fBLhWC+/Bls0Oza+mvTaNQtP+1RyhhhvD95pgUJz6XM5IzgmxOkItJ9tkoCiplvAnXI1tNmmUD/eScyA==",
      "optional": true
    },
    "sleep": {
      "version": "3.0.1",
      "resolved": "https://registry.npmjs.org/sleep/-/sleep-3.0.1.tgz",
      "integrity": "sha1-vk0XxXk2DgfgTtgXK6KxCmkFTfM=",
      "optional": true,
      "requires": {
        "nan": "2.10.0"
      }
    },
    "xvfb": {
      "version": "0.2.3",
      "resolved": "https://registry.npmjs.org/xvfb/-/xvfb-0.2.3.tgz",
      "integrity": "sha1-VYipaHVFk5E/M8DA4su3N0EjWDI=",
      "requires": {
        "sleep": "3.0.1"
      }
    }
  }
}
